
Microsoft Visual Studio Solution File, Format Version 12.00
# Visual Studio Version 18
VisualStudioVersion = 18.0.00000.0
MinimumVisualStudioVersion = 10.0.40219.1
Project("{8BC9CEB8-8B4A-11D0-8D11-00A0C91BC942}") = "BeepSongs", "BeepSongs.vcxproj", "{B12F8A9E-4C67-4D5A-8E3F-1A2B3C4D5E6F}"
EndProject
Project("{8BC9CEB8-8B4A-11D0-8D11-00A0C91BC942}") = "BeepMaker", "BeepMaker\BeepMaker.vcxproj", "{C2D3E4F5-A6B7-8901-CDEF-2345678901CD}"
EndProject
Project("{8BC9CEB8-8B4A-11D0-8D11-00A0C91BC942}") = "MidiViewer", "MidiViewer\MidiViewer.vcxproj", "{D3E4F5A6-B7C8-9012-DEF0-345678901234}"
EndProject
Global
	GlobalSection(SolutionConfigurationPlatforms) = preSolution
		Debug|x64 = Debug|x64
		Release|x64 = Release|x64
	EndGlobalSection
	GlobalSection(ProjectConfigurationPlatforms) = postSolution
		{B12F8A9E-4C67-4D5A-8E3F-1A2B3C4D5E6F}.Debug|x64.ActiveCfg = Debug|x64
		{B12F8A9E-4C67-4D5A-8E3F-1A2B3C4D5E6F}.Debug|x64.Build.0 = Debug|x64
		{B12F8A9E-4C67-4D5A-8E3F-1A2B3C4D5E6F}.Release|x64.ActiveCfg = Release|x64
		{B12F8A9E-4C67-4D5A-8E3F-1A2B3C4D5E6F}.Release|x64.Build.0 = Release|x64
		{C2D3E4F5-A6B7-8901-CDEF-2345678901CD}.Debug|x64.ActiveCfg = Debug|x64
		{C2D3E4F5-A6B7-8901-CDEF-2345678901CD}.Debug|x64.Build.0 = Debug|x64
		{C2D3E4F5-A6B7-8901-CDEF-2345678901CD}.Release|x64.ActiveCfg = Release|x64
		{C2D3E4F5-A6B7-8901-CDEF-2345678901CD}.Release|x64.Build.0 = Release|x64
		{D3E4F5A6-B7C8-9012-DEF0-345678901234}.Debug|x64.ActiveCfg = Debug|x64
		{D3E4F5A6-B7C8-9012-DEF0-345678901234}.Debug|x64.Build.0 = Debug|x64
		{D3E4F5A6-B7C8-9012-DEF0-345678901234}.Release|x64.ActiveCfg = Release|x64
		{D3E4F5A6-B7C8-9012-DEF0-345678901234}.Release|x64.Build.0 = Release|x64
	EndGlobalSection
	GlobalSection(SolutionProperties) = preSolution
		HideSolutionNode = FALSE
	EndGlobalSection
EndGlobal
